
Microsoft Visual Studio Solution File, Format Version 12.00
# Visual Studio 14
VisualStudioVersion = 14.0.25420.1
MinimumVisualStudioVersion = 10.0.40219.1
Project("{FAE04EC0-301F-11D3-BF4B-00C04F79EFBC}") = "react_test2", "react_test2\react_test2.csproj", "{80F16203-DD67-4FBB-A7AC-3A7CF6590EA0}"
EndProject
Project("{FAE04EC0-301F-11D3-BF4B-00C04F79EFBC}") = "EmployeeDirectoryProject", "EmployeeDirectoryProject\EmployeeDirectoryProject.csproj", "{9ADD40F3-A2F7-4B38-805C-8A4DA84896E5}"
EndProject
Project("{FAE04EC0-301F-11D3-BF4B-00C04F79EFBC}") = "VisitorLog", "..\..\Users\stanislav.pribytko\Source\Workspaces\SPA\VisitorLog\VisitorLog\VisitorLog.csproj", "{1A8ECD8A-C24A-41D3-9A7E-83C76F0C37F5}"
EndProject
Global
	GlobalSection(SolutionConfigurationPlatforms) = preSolution
		Debug|Any CPU = Debug|Any CPU
		Release|Any CPU = Release|Any CPU
	EndGlobalSection
	GlobalSection(ProjectConfigurationPlatforms) = postSolution
		{80F16203-DD67-4FBB-A7AC-3A7CF6590EA0}.Debug|Any CPU.ActiveCfg = Debug|Any CPU
		{80F16203-DD67-4FBB-A7AC-3A7CF6590EA0}.Debug|Any CPU.Build.0 = Debug|Any CPU
		{80F16203-DD67-4FBB-A7AC-3A7CF6590EA0}.Debug|Any CPU.Deploy.0 = Debug|Any CPU
		{80F16203-DD67-4FBB-A7AC-3A7CF6590EA0}.Release|Any CPU.ActiveCfg = Release|Any CPU
		{80F16203-DD67-4FBB-A7AC-3A7CF6590EA0}.Release|Any CPU.Build.0 = Release|Any CPU
		{80F16203-DD67-4FBB-A7AC-3A7CF6590EA0}.Release|Any CPU.Deploy.0 = Release|Any CPU
		{9ADD40F3-A2F7-4B38-805C-8A4DA84896E5}.Debug|Any CPU.ActiveCfg = Debug|Any CPU
		{9ADD40F3-A2F7-4B38-805C-8A4DA84896E5}.Debug|Any CPU.Build.0 = Debug|Any CPU
		{9ADD40F3-A2F7-4B38-805C-8A4DA84896E5}.Debug|Any CPU.Deploy.0 = Debug|Any CPU
		{9ADD40F3-A2F7-4B38-805C-8A4DA84896E5}.Release|Any CPU.ActiveCfg = Release|Any CPU
		{9ADD40F3-A2F7-4B38-805C-8A4DA84896E5}.Release|Any CPU.Build.0 = Release|Any CPU
		{9ADD40F3-A2F7-4B38-805C-8A4DA84896E5}.Release|Any CPU.Deploy.0 = Release|Any CPU
		{1A8ECD8A-C24A-41D3-9A7E-83C76F0C37F5}.Debug|Any CPU.ActiveCfg = Debug|Any CPU
		{1A8ECD8A-C24A-41D3-9A7E-83C76F0C37F5}.Debug|Any CPU.Build.0 = Debug|Any CPU
		{1A8ECD8A-C24A-41D3-9A7E-83C76F0C37F5}.Debug|Any CPU.Deploy.0 = Debug|Any CPU
		{1A8ECD8A-C24A-41D3-9A7E-83C76F0C37F5}.Release|Any CPU.ActiveCfg = Release|Any CPU
		{1A8ECD8A-C24A-41D3-9A7E-83C76F0C37F5}.Release|Any CPU.Build.0 = Release|Any CPU
		{1A8ECD8A-C24A-41D3-9A7E-83C76F0C37F5}.Release|Any CPU.Deploy.0 = Release|Any CPU
	EndGlobalSection
	GlobalSection(SolutionProperties) = preSolution
		HideSolutionNode = FALSE
	EndGlobalSection
EndGlobal
